{
  "name": "@mindofmatthew/cyclist",
  "version": "0.0.1",
  "lockfileVersion": 2,
  "requires": true,
  "packages": {
    "": {
      "name": "@mindofmatthew/cyclist",
      "version": "0.0.1",
      "license": "GPL-3.0-or-later",
      "dependencies": {
        "@codemirror/commands": "^0.18.0",
        "@codemirror/state": "^0.18.1",
        "@codemirror/text": "^0.18.0",
        "@codemirror/view": "^0.18.1"
      }
    },
    "node_modules/@codemirror/commands": {
      "version": "0.18.0",
      "resolved": "https://registry.npmjs.org/@codemirror/commands/-/commands-0.18.0.tgz",
      "integrity": "sha512-4H63B4oqr8dmJ3VOKvMI7xrZIBJjAdtz3Z0V/Jt0HlIYTe76Omy4h9BS3b9EgyNaWjIO/Slz3KQPwihcC8uR5Q==",
      "dependencies": {
        "@codemirror/language": "^0.18.0",
        "@codemirror/matchbrackets": "^0.18.0",
        "@codemirror/state": "^0.18.0",
        "@codemirror/text": "^0.18.0",
        "@codemirror/view": "^0.18.0",
        "lezer-tree": "^0.13.0"
      }
    },
    "node_modules/@codemirror/language": {
      "version": "0.18.0",
      "resolved": "https://registry.npmjs.org/@codemirror/language/-/language-0.18.0.tgz",
      "integrity": "sha512-gryu0Sej1vG3S3njwsJ+bhz9zLoJxZ2TahLlxpqOB3uqVGZrGDyE+GmZBnA6I3hwHvaO1O4WXKScVsKoW6HqFA==",
      "dependencies": {
        "@codemirror/state": "^0.18.0",
        "@codemirror/text": "^0.18.0",
        "@codemirror/view": "^0.18.0",
        "lezer": "^0.13.4",
        "lezer-tree": "^0.13.0"
      }
    },
    "node_modules/@codemirror/matchbrackets": {
      "version": "0.18.0",
      "resolved": "https://registry.npmjs.org/@codemirror/matchbrackets/-/matchbrackets-0.18.0.tgz",
      "integrity": "sha512-dPDopnZVkD54sSYdmQbyQbPdiuIA83p7XxX6Hp1ScEkOjukwCiFXiA/84x10FUTsQpUYp8bDzm7gwII119bGIw==",
      "dependencies": {
        "@codemirror/language": "^0.18.0",
        "@codemirror/state": "^0.18.0",
        "@codemirror/view": "^0.18.0",
        "lezer-tree": "^0.13.0"
      }
    },
    "node_modules/@codemirror/rangeset": {
      "version": "0.18.0",
      "resolved": "https://registry.npmjs.org/@codemirror/rangeset/-/rangeset-0.18.0.tgz",
      "integrity": "sha512-+dpK3T6EFv2vkoAc3sTZld0N5SHZDjD3YowFYuMWn0Xw3t+u6k+JZlGBuaFTXdsLeF0auclsm0XhRUpMVuXhTg==",
      "dependencies": {
        "@codemirror/state": "^0.18.0"
      }
    },
    "node_modules/@codemirror/state": {
      "version": "0.18.1",
      "resolved": "https://registry.npmjs.org/@codemirror/state/-/state-0.18.1.tgz",
      "integrity": "sha512-rVSY4Yi9FNRnaYbQ6deuj6yQ8RYQrKD6HsJi7KYUrWhHZF2MnPD3K2hdj177DgcZKy40U8kVz33X3irWU0dD5w==",
      "dependencies": {
        "@codemirror/text": "^0.18.0"
      }
    },
    "node_modules/@codemirror/text": {
      "version": "0.18.0",
      "resolved": "https://registry.npmjs.org/@codemirror/text/-/text-0.18.0.tgz",
      "integrity": "sha512-HMzHNIAbjCiCf3tEJMRg6ul01KPuXxQGNiHlHgAnqPguq/CX+L4Nvj5JlWQAI91Pupk18zhmM1c6eaazX4YeTg=="
    },
    "node_modules/@codemirror/view": {
      "version": "0.18.1",
      "resolved": "https://registry.npmjs.org/@codemirror/view/-/view-0.18.1.tgz",
      "integrity": "sha512-chyy+oEnywKMUFDMafVAMcrV+DkjJT3l6pSfN1cvM2LBM/eY54gekv/aXtmsBFRSnd+u09mhjb/kGB+EdNHIjg==",
      "dependencies": {
        "@codemirror/rangeset": "^0.18.0",
        "@codemirror/state": "^0.18.0",
        "@codemirror/text": "^0.18.0",
        "style-mod": "^4.0.0",
        "w3c-keyname": "^2.2.4"
      }
    },
    "node_modules/lezer": {
      "version": "0.13.4",
      "resolved": "https://registry.npmjs.org/lezer/-/lezer-0.13.4.tgz",
      "integrity": "sha512-cLQxUVY28VBBqKBt/R8CYeH57KQnIvscAnoahzvhlZTK8qxMkIyGExR6ecEpYYDX06ZhROZrEm1IiPvjLAsTig==",
      "dependencies": {
        "lezer-tree": "^0.13.2"
      }
    },
    "node_modules/lezer-tree": {
      "version": "0.13.2",
      "resolved": "https://registry.npmjs.org/lezer-tree/-/lezer-tree-0.13.2.tgz",
      "integrity": "sha512-15ZxW8TxVNAOkHIo43Iouv4zbSkQQ5chQHBpwXcD2bBFz46RB4jYLEEww5l1V0xyIx9U2clSyyrLes+hAUFrGQ=="
    },
    "node_modules/style-mod": {
      "version": "4.0.0",
      "resolved": "https://registry.npmjs.org/style-mod/-/style-mod-4.0.0.tgz",
      "integrity": "sha512-OPhtyEjyyN9x3nhPsu76f52yUGXiZcgvsrFVtvTkyGRQJ0XK+GPc6ov1z+lRpbeabka+MYEQxOYRnt5nF30aMw=="
    },
    "node_modules/w3c-keyname": {
      "version": "2.2.4",
      "resolved": "https://registry.npmjs.org/w3c-keyname/-/w3c-keyname-2.2.4.tgz",
      "integrity": "sha512-tOhfEwEzFLJzf6d1ZPkYfGj+FWhIpBux9ppoP3rlclw3Z0BZv3N7b7030Z1kYth+6rDuAsXUFr+d0VE6Ed1ikw=="
    }
  },
  "dependencies": {
    "@codemirror/commands": {
      "version": "0.18.0",
      "resolved": "https://registry.npmjs.org/@codemirror/commands/-/commands-0.18.0.tgz",
      "integrity": "sha512-4H63B4oqr8dmJ3VOKvMI7xrZIBJjAdtz3Z0V/Jt0HlIYTe76Omy4h9BS3b9EgyNaWjIO/Slz3KQPwihcC8uR5Q==",
      "requires": {
        "@codemirror/language": "^0.18.0",
        "@codemirror/matchbrackets": "^0.18.0",
        "@codemirror/state": "^0.18.0",
        "@codemirror/text": "^0.18.0",
        "@codemirror/view": "^0.18.0",
        "lezer-tree": "^0.13.0"
      }
    },
    "@codemirror/language": {
      "version": "0.18.0",
      "resolved": "https://registry.npmjs.org/@codemirror/language/-/language-0.18.0.tgz",
      "integrity": "sha512-gryu0Sej1vG3S3njwsJ+bhz9zLoJxZ2TahLlxpqOB3uqVGZrGDyE+GmZBnA6I3hwHvaO1O4WXKScVsKoW6HqFA==",
      "requires": {
        "@codemirror/state": "^0.18.0",
        "@codemirror/text": "^0.18.0",
        "@codemirror/view": "^0.18.0",
        "lezer": "^0.13.4",
        "lezer-tree": "^0.13.0"
      }
    },
    "@codemirror/matchbrackets": {
      "version": "0.18.0",
      "resolved": "https://registry.npmjs.org/@codemirror/matchbrackets/-/matchbrackets-0.18.0.tgz",
      "integrity": "sha512-dPDopnZVkD54sSYdmQbyQbPdiuIA83p7XxX6Hp1ScEkOjukwCiFXiA/84x10FUTsQpUYp8bDzm7gwII119bGIw==",
      "requires": {
        "@codemirror/language": "^0.18.0",
        "@codemirror/state": "^0.18.0",
        "@codemirror/view": "^0.18.0",
        "lezer-tree": "^0.13.0"
      }
    },
    "@codemirror/rangeset": {
      "version": "0.18.0",
      "resolved": "https://registry.npmjs.org/@codemirror/rangeset/-/rangeset-0.18.0.tgz",
      "integrity": "sha512-+dpK3T6EFv2vkoAc3sTZld0N5SHZDjD3YowFYuMWn0Xw3t+u6k+JZlGBuaFTXdsLeF0auclsm0XhRUpMVuXhTg==",
      "requires": {
        "@codemirror/state": "^0.18.0"
      }
    },
    "@codemirror/state": {
      "version": "0.18.1",
      "resolved": "https://registry.npmjs.org/@codemirror/state/-/state-0.18.1.tgz",
      "integrity": "sha512-rVSY4Yi9FNRnaYbQ6deuj6yQ8RYQrKD6HsJi7KYUrWhHZF2MnPD3K2hdj177DgcZKy40U8kVz33X3irWU0dD5w==",
      "requires": {
        "@codemirror/text": "^0.18.0"
      }
    },
    "@codemirror/text": {
      "version": "0.18.0",
      "resolved": "https://registry.npmjs.org/@codemirror/text/-/text-0.18.0.tgz",
      "integrity": "sha512-HMzHNIAbjCiCf3tEJMRg6ul01KPuXxQGNiHlHgAnqPguq/CX+L4Nvj5JlWQAI91Pupk18zhmM1c6eaazX4YeTg=="
    },
    "@codemirror/view": {
      "version": "0.18.1",
      "resolved": "https://registry.npmjs.org/@codemirror/view/-/view-0.18.1.tgz",
      "integrity": "sha512-chyy+oEnywKMUFDMafVAMcrV+DkjJT3l6pSfN1cvM2LBM/eY54gekv/aXtmsBFRSnd+u09mhjb/kGB+EdNHIjg==",
      "requires": {
        "@codemirror/rangeset": "^0.18.0",
        "@codemirror/state": "^0.18.0",
        "@codemirror/text": "^0.18.0",
        "style-mod": "^4.0.0",
        "w3c-keyname": "^2.2.4"
      }
    },
    "lezer": {
      "version": "0.13.4",
      "resolved": "https://registry.npmjs.org/lezer/-/lezer-0.13.4.tgz",
      "integrity": "sha512-cLQxUVY28VBBqKBt/R8CYeH57KQnIvscAnoahzvhlZTK8qxMkIyGExR6ecEpYYDX06ZhROZrEm1IiPvjLAsTig==",
      "requires": {
        "lezer-tree": "^0.13.2"
      }
    },
    "lezer-tree": {
      "version": "0.13.2",
      "resolved": "https://registry.npmjs.org/lezer-tree/-/lezer-tree-0.13.2.tgz",
      "integrity": "sha512-15ZxW8TxVNAOkHIo43Iouv4zbSkQQ5chQHBpwXcD2bBFz46RB4jYLEEww5l1V0xyIx9U2clSyyrLes+hAUFrGQ=="
    },
    "style-mod": {
      "version": "4.0.0",
      "resolved": "https://registry.npmjs.org/style-mod/-/style-mod-4.0.0.tgz",
      "integrity": "sha512-OPhtyEjyyN9x3nhPsu76f52yUGXiZcgvsrFVtvTkyGRQJ0XK+GPc6ov1z+lRpbeabka+MYEQxOYRnt5nF30aMw=="
    },
    "w3c-keyname": {
      "version": "2.2.4",
      "resolved": "https://registry.npmjs.org/w3c-keyname/-/w3c-keyname-2.2.4.tgz",
      "integrity": "sha512-tOhfEwEzFLJzf6d1ZPkYfGj+FWhIpBux9ppoP3rlclw3Z0BZv3N7b7030Z1kYth+6rDuAsXUFr+d0VE6Ed1ikw=="
    }
  }
}
